
Microsoft Visual Studio Solution File, Format Version 12.00
# Visual Studio 15
VisualStudioVersion = 15.0.28307.329
MinimumVisualStudioVersion = 10.0.40219.1
Project("{FAE04EC0-301F-11D3-BF4B-00C04F79EFBC}") = "ProjectTracker.WPF", "ProjectTracker.WPF\ProjectTracker.WPF.csproj", "{FAD85668-0AC2-4982-BD6D-94D97C767DDB}"
EndProject
Project("{FAE04EC0-301F-11D3-BF4B-00C04F79EFBC}") = "ProjectTracker.BLL", "ProjectTracker.BLL\ProjectTracker.BLL.csproj", "{979AA44B-ADC9-4DA8-8334-8BDCA8E5ACDA}"
EndProject
Project("{FAE04EC0-301F-11D3-BF4B-00C04F79EFBC}") = "ProjectTracker.DAL", "ProjectTracker.DAL\ProjectTracker.DAL.csproj", "{B2536465-4DD5-4008-96B6-BF19D7B2327E}"
EndProject
Global
	GlobalSection(SolutionConfigurationPlatforms) = preSolution
		Debug|Any CPU = Debug|Any CPU
		Release|Any CPU = Release|Any CPU
	EndGlobalSection
	GlobalSection(ProjectConfigurationPlatforms) = postSolution
		{FAD85668-0AC2-4982-BD6D-94D97C767DDB}.Debug|Any CPU.ActiveCfg = Debug|Any CPU
		{FAD85668-0AC2-4982-BD6D-94D97C767DDB}.Debug|Any CPU.Build.0 = Debug|Any CPU
		{FAD85668-0AC2-4982-BD6D-94D97C767DDB}.Release|Any CPU.ActiveCfg = Release|Any CPU
		{FAD85668-0AC2-4982-BD6D-94D97C767DDB}.Release|Any CPU.Build.0 = Release|Any CPU
		{979AA44B-ADC9-4DA8-8334-8BDCA8E5ACDA}.Debug|Any CPU.ActiveCfg = Debug|Any CPU
		{979AA44B-ADC9-4DA8-8334-8BDCA8E5ACDA}.Debug|Any CPU.Build.0 = Debug|Any CPU
		{979AA44B-ADC9-4DA8-8334-8BDCA8E5ACDA}.Release|Any CPU.ActiveCfg = Release|Any CPU
		{979AA44B-ADC9-4DA8-8334-8BDCA8E5ACDA}.Release|Any CPU.Build.0 = Release|Any CPU
		{B2536465-4DD5-4008-96B6-BF19D7B2327E}.Debug|Any CPU.ActiveCfg = Debug|Any CPU
		{B2536465-4DD5-4008-96B6-BF19D7B2327E}.Debug|Any CPU.Build.0 = Debug|Any CPU
		{B2536465-4DD5-4008-96B6-BF19D7B2327E}.Release|Any CPU.ActiveCfg = Release|Any CPU
		{B2536465-4DD5-4008-96B6-BF19D7B2327E}.Release|Any CPU.Build.0 = Release|Any CPU
	EndGlobalSection
	GlobalSection(SolutionProperties) = preSolution
		HideSolutionNode = FALSE
	EndGlobalSection
	GlobalSection(ExtensibilityGlobals) = postSolution
		SolutionGuid = {E52CAF3C-736E-47EC-8FE0-BE2193949307}
	EndGlobalSection
EndGlobal
